
Microsoft Visual Studio Solution File, Format Version 12.00
# Visual Studio Version 17
VisualStudioVersion = 17.4.33205.214
MinimumVisualStudioVersion = 10.0.40219.1
Project("{FAE04EC0-301F-11D3-BF4B-00C04F79EFBC}") = "DummyShop.Service", "DummyShop.Service\DummyShop.Service.csproj", "{4CB2DAB4-262F-456C-8BE4-85270BA40588}"
EndProject
Project("{FAE04EC0-301F-11D3-BF4B-00C04F79EFBC}") = "DummyShop.API", "DummyShop.API\DummyShop.API.csproj", "{F8884447-508E-46A2-9D09-8A05C5189C38}"
EndProject
Project("{FAE04EC0-301F-11D3-BF4B-00C04F79EFBC}") = "DummyShop.MVC", "DummyShop.MVC\DummyShop.MVC.csproj", "{F41E4AF0-76FE-43BA-912C-263B5149590A}"
EndProject
Global
	GlobalSection(SolutionConfigurationPlatforms) = preSolution
		Debug|Any CPU = Debug|Any CPU
		Release|Any CPU = Release|Any CPU
	EndGlobalSection
	GlobalSection(ProjectConfigurationPlatforms) = postSolution
		{4CB2DAB4-262F-456C-8BE4-85270BA40588}.Debug|Any CPU.ActiveCfg = Debug|Any CPU
		{4CB2DAB4-262F-456C-8BE4-85270BA40588}.Debug|Any CPU.Build.0 = Debug|Any CPU
		{4CB2DAB4-262F-456C-8BE4-85270BA40588}.Release|Any CPU.ActiveCfg = Release|Any CPU
		{4CB2DAB4-262F-456C-8BE4-85270BA40588}.Release|Any CPU.Build.0 = Release|Any CPU
		{F8884447-508E-46A2-9D09-8A05C5189C38}.Debug|Any CPU.ActiveCfg = Debug|Any CPU
		{F8884447-508E-46A2-9D09-8A05C5189C38}.Debug|Any CPU.Build.0 = Debug|Any CPU
		{F8884447-508E-46A2-9D09-8A05C5189C38}.Release|Any CPU.ActiveCfg = Release|Any CPU
		{F8884447-508E-46A2-9D09-8A05C5189C38}.Release|Any CPU.Build.0 = Release|Any CPU
		{F41E4AF0-76FE-43BA-912C-263B5149590A}.Debug|Any CPU.ActiveCfg = Debug|Any CPU
		{F41E4AF0-76FE-43BA-912C-263B5149590A}.Debug|Any CPU.Build.0 = Debug|Any CPU
		{F41E4AF0-76FE-43BA-912C-263B5149590A}.Release|Any CPU.ActiveCfg = Release|Any CPU
		{F41E4AF0-76FE-43BA-912C-263B5149590A}.Release|Any CPU.Build.0 = Release|Any CPU
	EndGlobalSection
	GlobalSection(SolutionProperties) = preSolution
		HideSolutionNode = FALSE
	EndGlobalSection
	GlobalSection(ExtensibilityGlobals) = postSolution
		SolutionGuid = {203618F2-8DEF-4FA5-8326-209B5F3DFAF5}
	EndGlobalSection
EndGlobal
